
Microsoft Visual Studio Solution File, Format Version 12.00
# Visual Studio Express 15 for Windows Desktop
VisualStudioVersion = 15.0.28307.1525
MinimumVisualStudioVersion = 10.0.40219.1
Project("{FAE04EC0-301F-11D3-BF4B-00C04F79EFBC}") = "CryptoCurrencies", "CryptoCurrencies\CryptoCurrencies.csproj", "{F730B168-5100-4586-95BF-CF764E2B91A0}"
EndProject
Global
	GlobalSection(SolutionConfigurationPlatforms) = preSolution
		Debug|Any CPU = Debug|Any CPU
		Release|Any CPU = Release|Any CPU
	EndGlobalSection
	GlobalSection(ProjectConfigurationPlatforms) = postSolution
		{F730B168-5100-4586-95BF-CF764E2B91A0}.Debug|Any CPU.ActiveCfg = Debug|Any CPU
		{F730B168-5100-4586-95BF-CF764E2B91A0}.Debug|Any CPU.Build.0 = Debug|Any CPU
		{F730B168-5100-4586-95BF-CF764E2B91A0}.Release|Any CPU.ActiveCfg = Release|Any CPU
		{F730B168-5100-4586-95BF-CF764E2B91A0}.Release|Any CPU.Build.0 = Release|Any CPU
	EndGlobalSection
	GlobalSection(SolutionProperties) = preSolution
		HideSolutionNode = FALSE
	EndGlobalSection
	GlobalSection(ExtensibilityGlobals) = postSolution
		SolutionGuid = {0E572032-AE08-4B49-BAD9-95638E11E3D1}
	EndGlobalSection
EndGlobal
